PODS:
  - Alamofire (5.6.4)
  - BigInt (5.2.0)
  - Swinject (2.8.2)

DEPENDENCIES:
  - Alamofire (~> 5.6.1)
  - BigInt
  - Swinject

SPEC REPOS:
  trunk:
    - Alamofire
    - BigInt
    - Swinject

SPEC CHECKSUMS:
  Alamofire: 4e95d97098eacb88856099c4fc79b526a299e48c
  BigInt: f668a80089607f521586bbe29513d708491ef2f7
  Swinject: b4a11b31992e8668308dc594ba1cb9b3164a37ab

PODFILE CHECKSUM: 134ee97420af8d0be6d528eba56094a721ef2e11

COCOAPODS: 1.11.3
